
Microsoft Visual Studio Solution File, Format Version 12.00
# Visual Studio Version 17
VisualStudioVersion = 17.0.31903.59
MinimumVisualStudioVersion = 10.0.40219.1
Project("{2150E333-8FDC-42A3-9474-1A3956D46DE8}") = "Application", "Application", "{E0B204B5-2807-42D0-8511-CCA241BABBEC}"
EndProject
Project("{FAE04EC0-301F-11D3-BF4B-00C04F79EFBC}") = "JobQueueMVC.Application", "Application\JobQueueMVC.Application\JobQueueMVC.Application.csproj", "{29F1EDDF-E09E-4C24-8CB1-D9C95F4A9EEE}"
EndProject
Project("{2150E333-8FDC-42A3-9474-1A3956D46DE8}") = "Domain", "Domain", "{F9A9253B-C80B-41BB-A103-79FD59782548}"
EndProject
Project("{FAE04EC0-301F-11D3-BF4B-00C04F79EFBC}") = "JobQueueMVC.Domain", "Domain\JobQueueMVC.Domain\JobQueueMVC.Domain.csproj", "{F9D17C59-E00D-4C70-9EF9-36EC565A040E}"
EndProject
Project("{2150E333-8FDC-42A3-9474-1A3956D46DE8}") = "Infrastructure", "Infrastructure", "{DE9AE46E-E591-4D07-BC03-C5BD142C6F27}"
EndProject
Project("{FAE04EC0-301F-11D3-BF4B-00C04F79EFBC}") = "JobQueueMVC.Infrastructure", "Infrastructure\JobQueueMVC.Infrastructure\JobQueueMVC.Infrastructure.csproj", "{5E1160FE-5182-41B7-9CBA-1FEB53D5CF6E}"
EndProject
Project("{2150E333-8FDC-42A3-9474-1A3956D46DE8}") = "Test", "Test", "{A22CF8CC-A12A-4638-B86A-D80213BB1F0A}"
EndProject
Project("{FAE04EC0-301F-11D3-BF4B-00C04F79EFBC}") = "JobQueueMVC.Tests", "Test\JobQueueMVC.Tests\JobQueueMVC.Tests.csproj", "{98A8F18B-4D52-417C-9CF5-C6FE88136483}"
EndProject
Project("{2150E333-8FDC-42A3-9474-1A3956D46DE8}") = "UI", "UI", "{D28CD733-7787-4A6A-9A99-F2B3B513DF91}"
EndProject
Project("{FAE04EC0-301F-11D3-BF4B-00C04F79EFBC}") = "JobQueueMVC.web", "UI\JobQueueMVC.Web\JobQueueMVC.web.csproj", "{1B589192-DFE1-4751-8FF0-97B954FE5073}"
EndProject
Global
	GlobalSection(SolutionConfigurationPlatforms) = preSolution
		Debug|Any CPU = Debug|Any CPU
		Release|Any CPU = Release|Any CPU
	EndGlobalSection
	GlobalSection(SolutionProperties) = preSolution
		HideSolutionNode = FALSE
	EndGlobalSection
	GlobalSection(ProjectConfigurationPlatforms) = postSolution
		{29F1EDDF-E09E-4C24-8CB1-D9C95F4A9EEE}.Debug|Any CPU.ActiveCfg = Debug|Any CPU
		{29F1EDDF-E09E-4C24-8CB1-D9C95F4A9EEE}.Debug|Any CPU.Build.0 = Debug|Any CPU
		{29F1EDDF-E09E-4C24-8CB1-D9C95F4A9EEE}.Release|Any CPU.ActiveCfg = Release|Any CPU
		{29F1EDDF-E09E-4C24-8CB1-D9C95F4A9EEE}.Release|Any CPU.Build.0 = Release|Any CPU
		{F9D17C59-E00D-4C70-9EF9-36EC565A040E}.Debug|Any CPU.ActiveCfg = Debug|Any CPU
		{F9D17C59-E00D-4C70-9EF9-36EC565A040E}.Debug|Any CPU.Build.0 = Debug|Any CPU
		{F9D17C59-E00D-4C70-9EF9-36EC565A040E}.Release|Any CPU.ActiveCfg = Release|Any CPU
		{F9D17C59-E00D-4C70-9EF9-36EC565A040E}.Release|Any CPU.Build.0 = Release|Any CPU
		{5E1160FE-5182-41B7-9CBA-1FEB53D5CF6E}.Debug|Any CPU.ActiveCfg = Debug|Any CPU
		{5E1160FE-5182-41B7-9CBA-1FEB53D5CF6E}.Debug|Any CPU.Build.0 = Debug|Any CPU
		{5E1160FE-5182-41B7-9CBA-1FEB53D5CF6E}.Release|Any CPU.ActiveCfg = Release|Any CPU
		{5E1160FE-5182-41B7-9CBA-1FEB53D5CF6E}.Release|Any CPU.Build.0 = Release|Any CPU
		{98A8F18B-4D52-417C-9CF5-C6FE88136483}.Debug|Any CPU.ActiveCfg = Debug|Any CPU
		{98A8F18B-4D52-417C-9CF5-C6FE88136483}.Debug|Any CPU.Build.0 = Debug|Any CPU
		{98A8F18B-4D52-417C-9CF5-C6FE88136483}.Release|Any CPU.ActiveCfg = Release|Any CPU
		{98A8F18B-4D52-417C-9CF5-C6FE88136483}.Release|Any CPU.Build.0 = Release|Any CPU
		{1B589192-DFE1-4751-8FF0-97B954FE5073}.Debug|Any CPU.ActiveCfg = Debug|Any CPU
		{1B589192-DFE1-4751-8FF0-97B954FE5073}.Debug|Any CPU.Build.0 = Debug|Any CPU
		{1B589192-DFE1-4751-8FF0-97B954FE5073}.Release|Any CPU.ActiveCfg = Release|Any CPU
		{1B589192-DFE1-4751-8FF0-97B954FE5073}.Release|Any CPU.Build.0 = Release|Any CPU
	EndGlobalSection
	GlobalSection(NestedProjects) = preSolution
		{29F1EDDF-E09E-4C24-8CB1-D9C95F4A9EEE} = {E0B204B5-2807-42D0-8511-CCA241BABBEC}
		{F9D17C59-E00D-4C70-9EF9-36EC565A040E} = {F9A9253B-C80B-41BB-A103-79FD59782548}
		{5E1160FE-5182-41B7-9CBA-1FEB53D5CF6E} = {DE9AE46E-E591-4D07-BC03-C5BD142C6F27}
		{98A8F18B-4D52-417C-9CF5-C6FE88136483} = {A22CF8CC-A12A-4638-B86A-D80213BB1F0A}
		{1B589192-DFE1-4751-8FF0-97B954FE5073} = {D28CD733-7787-4A6A-9A99-F2B3B513DF91}
	EndGlobalSection
EndGlobal
